
Microsoft Visual Studio Solution File, Format Version 12.00
# Visual Studio 15
VisualStudioVersion = 15.0.27130.2010
MinimumVisualStudioVersion = 10.0.40219.1
Project("{FAE04EC0-301F-11D3-BF4B-00C04F79EFBC}") = "SupportWheel.Api", "SupportWheel.Api\SupportWheel.Api.csproj", "{417DFA8C-9C7D-4692-AC50-8ABFF25B3AEC}"
EndProject
Project("{2150E333-8FDC-42A3-9474-1A3956D46DE8}") = "Backend", "Backend", "{2DE0CAE0-E994-4FB9-8D53-8A2A62292509}"
EndProject
Project("{FAE04EC0-301F-11D3-BF4B-00C04F79EFBC}") = "SupportWheel.Commands", "SupportWheel.Commands\SupportWheel.Commands.csproj", "{DE31C8B0-1877-4CC2-AFB7-4C0F1310F663}"
EndProject
Project("{FAE04EC0-301F-11D3-BF4B-00C04F79EFBC}") = "SupportWheel.DependencyResolver", "SupportWheel.DependencyResolver\SupportWheel.DependencyResolver.csproj", "{00BE5214-CA68-4BD6-B377-BED1118C22A7}"
EndProject
Project("{FAE04EC0-301F-11D3-BF4B-00C04F79EFBC}") = "SupportWheel.Domain", "SupportWheel.Domain\SupportWheel.Domain.csproj", "{B0B618D9-2D01-4F54-AF25-A8D9EE3163A7}"
EndProject
Project("{FAE04EC0-301F-11D3-BF4B-00C04F79EFBC}") = "SupportWheel.Queries", "SupportWheel.Queries\SupportWheel.Queries.csproj", "{9D468D74-EFF9-4E77-B7EB-9A1747ACBEFE}"
EndProject
Project("{FAE04EC0-301F-11D3-BF4B-00C04F79EFBC}") = "SupportWheel.Utils", "SupportWheel.Utils\SupportWheel.Utils.csproj", "{D18DA0AA-77D3-4104-BCDB-215A8DD0FAA1}"
EndProject
Project("{2150E333-8FDC-42A3-9474-1A3956D46DE8}") = "Frontend", "Frontend", "{655D2C3B-2D9B-4037-B9B8-11E5F9D2DF63}"
EndProject
Project("{FAE04EC0-301F-11D3-BF4B-00C04F79EFBC}") = "SupportWheel.Frontend", "SupportWheel.Frontend\SupportWheel.Frontend.csproj", "{D4E66148-E867-4283-93A3-3EC8971EA714}"
EndProject
Global
	GlobalSection(SolutionConfigurationPlatforms) = preSolution
		Debug|Any CPU = Debug|Any CPU
		Release|Any CPU = Release|Any CPU
	EndGlobalSection
	GlobalSection(ProjectConfigurationPlatforms) = postSolution
		{417DFA8C-9C7D-4692-AC50-8ABFF25B3AEC}.Debug|Any CPU.ActiveCfg = Debug|Any CPU
		{417DFA8C-9C7D-4692-AC50-8ABFF25B3AEC}.Debug|Any CPU.Build.0 = Debug|Any CPU
		{417DFA8C-9C7D-4692-AC50-8ABFF25B3AEC}.Release|Any CPU.ActiveCfg = Release|Any CPU
		{417DFA8C-9C7D-4692-AC50-8ABFF25B3AEC}.Release|Any CPU.Build.0 = Release|Any CPU
		{DE31C8B0-1877-4CC2-AFB7-4C0F1310F663}.Debug|Any CPU.ActiveCfg = Debug|Any CPU
		{DE31C8B0-1877-4CC2-AFB7-4C0F1310F663}.Debug|Any CPU.Build.0 = Debug|Any CPU
		{DE31C8B0-1877-4CC2-AFB7-4C0F1310F663}.Release|Any CPU.ActiveCfg = Release|Any CPU
		{DE31C8B0-1877-4CC2-AFB7-4C0F1310F663}.Release|Any CPU.Build.0 = Release|Any CPU
		{00BE5214-CA68-4BD6-B377-BED1118C22A7}.Debug|Any CPU.ActiveCfg = Debug|Any CPU
		{00BE5214-CA68-4BD6-B377-BED1118C22A7}.Debug|Any CPU.Build.0 = Debug|Any CPU
		{00BE5214-CA68-4BD6-B377-BED1118C22A7}.Release|Any CPU.ActiveCfg = Release|Any CPU
		{00BE5214-CA68-4BD6-B377-BED1118C22A7}.Release|Any CPU.Build.0 = Release|Any CPU
		{B0B618D9-2D01-4F54-AF25-A8D9EE3163A7}.Debug|Any CPU.ActiveCfg = Debug|Any CPU
		{B0B618D9-2D01-4F54-AF25-A8D9EE3163A7}.Debug|Any CPU.Build.0 = Debug|Any CPU
		{B0B618D9-2D01-4F54-AF25-A8D9EE3163A7}.Release|Any CPU.ActiveCfg = Release|Any CPU
		{B0B618D9-2D01-4F54-AF25-A8D9EE3163A7}.Release|Any CPU.Build.0 = Release|Any CPU
		{9D468D74-EFF9-4E77-B7EB-9A1747ACBEFE}.Debug|Any CPU.ActiveCfg = Debug|Any CPU
		{9D468D74-EFF9-4E77-B7EB-9A1747ACBEFE}.Debug|Any CPU.Build.0 = Debug|Any CPU
		{9D468D74-EFF9-4E77-B7EB-9A1747ACBEFE}.Release|Any CPU.ActiveCfg = Release|Any CPU
		{9D468D74-EFF9-4E77-B7EB-9A1747ACBEFE}.Release|Any CPU.Build.0 = Release|Any CPU
		{D18DA0AA-77D3-4104-BCDB-215A8DD0FAA1}.Debug|Any CPU.ActiveCfg = Debug|Any CPU
		{D18DA0AA-77D3-4104-BCDB-215A8DD0FAA1}.Debug|Any CPU.Build.0 = Debug|Any CPU
		{D18DA0AA-77D3-4104-BCDB-215A8DD0FAA1}.Release|Any CPU.ActiveCfg = Release|Any CPU
		{D18DA0AA-77D3-4104-BCDB-215A8DD0FAA1}.Release|Any CPU.Build.0 = Release|Any CPU
		{D4E66148-E867-4283-93A3-3EC8971EA714}.Debug|Any CPU.ActiveCfg = Debug|Any CPU
		{D4E66148-E867-4283-93A3-3EC8971EA714}.Debug|Any CPU.Build.0 = Debug|Any CPU
		{D4E66148-E867-4283-93A3-3EC8971EA714}.Release|Any CPU.ActiveCfg = Release|Any CPU
		{D4E66148-E867-4283-93A3-3EC8971EA714}.Release|Any CPU.Build.0 = Release|Any CPU
	EndGlobalSection
	GlobalSection(SolutionProperties) = preSolution
		HideSolutionNode = FALSE
	EndGlobalSection
	GlobalSection(NestedProjects) = preSolution
		{417DFA8C-9C7D-4692-AC50-8ABFF25B3AEC} = {2DE0CAE0-E994-4FB9-8D53-8A2A62292509}
		{DE31C8B0-1877-4CC2-AFB7-4C0F1310F663} = {2DE0CAE0-E994-4FB9-8D53-8A2A62292509}
		{00BE5214-CA68-4BD6-B377-BED1118C22A7} = {2DE0CAE0-E994-4FB9-8D53-8A2A62292509}
		{B0B618D9-2D01-4F54-AF25-A8D9EE3163A7} = {2DE0CAE0-E994-4FB9-8D53-8A2A62292509}
		{9D468D74-EFF9-4E77-B7EB-9A1747ACBEFE} = {2DE0CAE0-E994-4FB9-8D53-8A2A62292509}
		{D18DA0AA-77D3-4104-BCDB-215A8DD0FAA1} = {2DE0CAE0-E994-4FB9-8D53-8A2A62292509}
		{D4E66148-E867-4283-93A3-3EC8971EA714} = {655D2C3B-2D9B-4037-B9B8-11E5F9D2DF63}
	EndGlobalSection
	GlobalSection(ExtensibilityGlobals) = postSolution
		SolutionGuid = {8A188339-DF68-436F-B685-5A0997AB5C9D}
	EndGlobalSection
EndGlobal
